
Microsoft Visual Studio Solution File, Format Version 12.00
# Visual Studio Version 16
VisualStudioVersion = 16.0.30907.101
MinimumVisualStudioVersion = 10.0.40219.1
Project("{9A19103F-16F7-4668-BE54-9A1E7A4F7556}") = "DataAccess", "DataAccess\DataAccess.csproj", "{54C61F0A-4AF5-41F7-B80C-CCC0D5CA8C0A}"
EndProject
Project("{9A19103F-16F7-4668-BE54-9A1E7A4F7556}") = "Business", "Business\Business.csproj", "{8171577C-22C6-42F8-9BD4-9A23B9A4E39E}"
EndProject
Project("{9A19103F-16F7-4668-BE54-9A1E7A4F7556}") = "Entities", "Entities\Entities.csproj", "{678E79E8-62B4-424D-A46F-4CBCC1E1C6DA}"
EndProject
Project("{9A19103F-16F7-4668-BE54-9A1E7A4F7556}") = "ConsoleUI", "ConsoleUI\ConsoleUI.csproj", "{B4D0DF2F-B712-4961-8C01-A407D2741B53}"
EndProject
Project("{FAE04EC0-301F-11D3-BF4B-00C04F79EFBC}") = "Core", "Core\Core.csproj", "{F72297C8-601B-4003-96BC-DBADF2D4547A}"
EndProject
Global
	GlobalSection(SolutionConfigurationPlatforms) = preSolution
		Debug|Any CPU = Debug|Any CPU
		Release|Any CPU = Release|Any CPU
	EndGlobalSection
	GlobalSection(ProjectConfigurationPlatforms) = postSolution
		{54C61F0A-4AF5-41F7-B80C-CCC0D5CA8C0A}.Debug|Any CPU.ActiveCfg = Debug|Any CPU
		{54C61F0A-4AF5-41F7-B80C-CCC0D5CA8C0A}.Debug|Any CPU.Build.0 = Debug|Any CPU
		{54C61F0A-4AF5-41F7-B80C-CCC0D5CA8C0A}.Release|Any CPU.ActiveCfg = Release|Any CPU
		{54C61F0A-4AF5-41F7-B80C-CCC0D5CA8C0A}.Release|Any CPU.Build.0 = Release|Any CPU
		{8171577C-22C6-42F8-9BD4-9A23B9A4E39E}.Debug|Any CPU.ActiveCfg = Debug|Any CPU
		{8171577C-22C6-42F8-9BD4-9A23B9A4E39E}.Debug|Any CPU.Build.0 = Debug|Any CPU
		{8171577C-22C6-42F8-9BD4-9A23B9A4E39E}.Release|Any CPU.ActiveCfg = Release|Any CPU
		{8171577C-22C6-42F8-9BD4-9A23B9A4E39E}.Release|Any CPU.Build.0 = Release|Any CPU
		{678E79E8-62B4-424D-A46F-4CBCC1E1C6DA}.Debug|Any CPU.ActiveCfg = Debug|Any CPU
		{678E79E8-62B4-424D-A46F-4CBCC1E1C6DA}.Debug|Any CPU.Build.0 = Debug|Any CPU
		{678E79E8-62B4-424D-A46F-4CBCC1E1C6DA}.Release|Any CPU.ActiveCfg = Release|Any CPU
		{678E79E8-62B4-424D-A46F-4CBCC1E1C6DA}.Release|Any CPU.Build.0 = Release|Any CPU
		{B4D0DF2F-B712-4961-8C01-A407D2741B53}.Debug|Any CPU.ActiveCfg = Debug|Any CPU
		{B4D0DF2F-B712-4961-8C01-A407D2741B53}.Debug|Any CPU.Build.0 = Debug|Any CPU
		{B4D0DF2F-B712-4961-8C01-A407D2741B53}.Release|Any CPU.ActiveCfg = Release|Any CPU
		{B4D0DF2F-B712-4961-8C01-A407D2741B53}.Release|Any CPU.Build.0 = Release|Any CPU
		{F72297C8-601B-4003-96BC-DBADF2D4547A}.Debug|Any CPU.ActiveCfg = Debug|Any CPU
		{F72297C8-601B-4003-96BC-DBADF2D4547A}.Debug|Any CPU.Build.0 = Debug|Any CPU
		{F72297C8-601B-4003-96BC-DBADF2D4547A}.Release|Any CPU.ActiveCfg = Release|Any CPU
		{F72297C8-601B-4003-96BC-DBADF2D4547A}.Release|Any CPU.Build.0 = Release|Any CPU
	EndGlobalSection
	GlobalSection(SolutionProperties) = preSolution
		HideSolutionNode = FALSE
	EndGlobalSection
	GlobalSection(ExtensibilityGlobals) = postSolution
		SolutionGuid = {4CFE389D-6756-4194-A146-984CC6AC453E}
	EndGlobalSection
EndGlobal
